
Microsoft Visual Studio Solution File, Format Version 12.00
# Visual Studio Version 17
VisualStudioVersion = 17.14.36212.18
MinimumVisualStudioVersion = 10.0.40219.1
Project("{FAE04EC0-301F-11D3-BF4B-00C04F79EFBC}") = "WindowsForms004-datoteke", "WindowsForms004-datoteke\WindowsForms004-datoteke.csproj", "{BF7FF392-DE1C-4528-99A4-D4B71874B023}"
EndProject
Project("{FAE04EC0-301F-11D3-BF4B-00C04F79EFBC}") = "WindowsForms005datoteke", "WindowsForms005datoteke\WindowsForms005datoteke.csproj", "{2F8B74FD-4F71-4B8D-AB21-8F5D9A0D9C3D}"
EndProject
Global
	GlobalSection(SolutionConfigurationPlatforms) = preSolution
		Debug|Any CPU = Debug|Any CPU
		Release|Any CPU = Release|Any CPU
	EndGlobalSection
	GlobalSection(ProjectConfigurationPlatforms) = postSolution
		{BF7FF392-DE1C-4528-99A4-D4B71874B023}.Debug|Any CPU.ActiveCfg = Debug|Any CPU
		{BF7FF392-DE1C-4528-99A4-D4B71874B023}.Debug|Any CPU.Build.0 = Debug|Any CPU
		{BF7FF392-DE1C-4528-99A4-D4B71874B023}.Release|Any CPU.ActiveCfg = Release|Any CPU
		{BF7FF392-DE1C-4528-99A4-D4B71874B023}.Release|Any CPU.Build.0 = Release|Any CPU
		{2F8B74FD-4F71-4B8D-AB21-8F5D9A0D9C3D}.Debug|Any CPU.ActiveCfg = Debug|Any CPU
		{2F8B74FD-4F71-4B8D-AB21-8F5D9A0D9C3D}.Debug|Any CPU.Build.0 = Debug|Any CPU
		{2F8B74FD-4F71-4B8D-AB21-8F5D9A0D9C3D}.Release|Any CPU.ActiveCfg = Release|Any CPU
		{2F8B74FD-4F71-4B8D-AB21-8F5D9A0D9C3D}.Release|Any CPU.Build.0 = Release|Any CPU
	EndGlobalSection
	GlobalSection(SolutionProperties) = preSolution
		HideSolutionNode = FALSE
	EndGlobalSection
	GlobalSection(ExtensibilityGlobals) = postSolution
		SolutionGuid = {3E58DFCA-DFEB-4C39-92E8-4F4CE72414E6}
	EndGlobalSection
EndGlobal
